
Microsoft Visual Studio Solution File, Format Version 12.00
# Visual Studio Version 17
VisualStudioVersion = 17.0.31903.59
MinimumVisualStudioVersion = 10.0.40219.1
Project("{FAE04EC0-301F-11D3-BF4B-00C04F79EFBC}") = "SmartOutbox.Core", "SmartOutbox.Core\SmartOutbox.Core.csproj", "{8957C178-3672-4381-AA5C-D88CF8865DA8}"
EndProject
Project("{FAE04EC0-301F-11D3-BF4B-00C04F79EFBC}") = "SmartOutbox.EntityFramework", "SmartOutbox.EntityFramework\SmartOutbox.EntityFramework.csproj", "{9F066D55-982D-4B25-9ED6-0A17FA3E461E}"
EndProject
Project("{FAE04EC0-301F-11D3-BF4B-00C04F79EFBC}") = "SmartOutbox.RabbitMQ", "SmartOutbox.RabbitMQ\SmartOutbox.RabbitMQ.csproj", "{285B3AAF-8A3F-47CB-BF48-FCCF3995B1D3}"
EndProject
Project("{FAE04EC0-301F-11D3-BF4B-00C04F79EFBC}") = "SmartOutbox.SampleApi", "SmartOutbox.SampleApi\SmartOutbox.SampleApi.csproj", "{2D1917D3-67E8-4BDC-9D24-725525736997}"
EndProject
Project("{FAE04EC0-301F-11D3-BF4B-00C04F79EFBC}") = "SmartOutbox.Worker", "SmartOutbox.Worker\SmartOutbox.Worker.csproj", "{A5B2BFBE-6DA0-4B62-B7B0-73802A6F3A87}"
EndProject
Global
	GlobalSection(SolutionConfigurationPlatforms) = preSolution
		Debug|Any CPU = Debug|Any CPU
		Debug|x64 = Debug|x64
		Debug|x86 = Debug|x86
		Release|Any CPU = Release|Any CPU
		Release|x64 = Release|x64
		Release|x86 = Release|x86
	EndGlobalSection
	GlobalSection(ProjectConfigurationPlatforms) = postSolution
		{8957C178-3672-4381-AA5C-D88CF8865DA8}.Debug|Any CPU.ActiveCfg = Debug|Any CPU
		{8957C178-3672-4381-AA5C-D88CF8865DA8}.Debug|Any CPU.Build.0 = Debug|Any CPU
		{8957C178-3672-4381-AA5C-D88CF8865DA8}.Debug|x64.ActiveCfg = Debug|Any CPU
		{8957C178-3672-4381-AA5C-D88CF8865DA8}.Debug|x64.Build.0 = Debug|Any CPU
		{8957C178-3672-4381-AA5C-D88CF8865DA8}.Debug|x86.ActiveCfg = Debug|Any CPU
		{8957C178-3672-4381-AA5C-D88CF8865DA8}.Debug|x86.Build.0 = Debug|Any CPU
		{8957C178-3672-4381-AA5C-D88CF8865DA8}.Release|Any CPU.ActiveCfg = Release|Any CPU
		{8957C178-3672-4381-AA5C-D88CF8865DA8}.Release|Any CPU.Build.0 = Release|Any CPU
		{8957C178-3672-4381-AA5C-D88CF8865DA8}.Release|x64.ActiveCfg = Release|Any CPU
		{8957C178-3672-4381-AA5C-D88CF8865DA8}.Release|x64.Build.0 = Release|Any CPU
		{8957C178-3672-4381-AA5C-D88CF8865DA8}.Release|x86.ActiveCfg = Release|Any CPU
		{8957C178-3672-4381-AA5C-D88CF8865DA8}.Release|x86.Build.0 = Release|Any CPU
		{9F066D55-982D-4B25-9ED6-0A17FA3E461E}.Debug|Any CPU.ActiveCfg = Debug|Any CPU
		{9F066D55-982D-4B25-9ED6-0A17FA3E461E}.Debug|Any CPU.Build.0 = Debug|Any CPU
		{9F066D55-982D-4B25-9ED6-0A17FA3E461E}.Debug|x64.ActiveCfg = Debug|Any CPU
		{9F066D55-982D-4B25-9ED6-0A17FA3E461E}.Debug|x64.Build.0 = Debug|Any CPU
		{9F066D55-982D-4B25-9ED6-0A17FA3E461E}.Debug|x86.ActiveCfg = Debug|Any CPU
		{9F066D55-982D-4B25-9ED6-0A17FA3E461E}.Debug|x86.Build.0 = Debug|Any CPU
		{9F066D55-982D-4B25-9ED6-0A17FA3E461E}.Release|Any CPU.ActiveCfg = Release|Any CPU
		{9F066D55-982D-4B25-9ED6-0A17FA3E461E}.Release|Any CPU.Build.0 = Release|Any CPU
		{9F066D55-982D-4B25-9ED6-0A17FA3E461E}.Release|x64.ActiveCfg = Release|Any CPU
		{9F066D55-982D-4B25-9ED6-0A17FA3E461E}.Release|x64.Build.0 = Release|Any CPU
		{9F066D55-982D-4B25-9ED6-0A17FA3E461E}.Release|x86.ActiveCfg = Release|Any CPU
		{9F066D55-982D-4B25-9ED6-0A17FA3E461E}.Release|x86.Build.0 = Release|Any CPU
		{285B3AAF-8A3F-47CB-BF48-FCCF3995B1D3}.Debug|Any CPU.ActiveCfg = Debug|Any CPU
		{285B3AAF-8A3F-47CB-BF48-FCCF3995B1D3}.Debug|Any CPU.Build.0 = Debug|Any CPU
		{285B3AAF-8A3F-47CB-BF48-FCCF3995B1D3}.Debug|x64.ActiveCfg = Debug|Any CPU
		{285B3AAF-8A3F-47CB-BF48-FCCF3995B1D3}.Debug|x64.Build.0 = Debug|Any CPU
		{285B3AAF-8A3F-47CB-BF48-FCCF3995B1D3}.Debug|x86.ActiveCfg = Debug|Any CPU
		{285B3AAF-8A3F-47CB-BF48-FCCF3995B1D3}.Debug|x86.Build.0 = Debug|Any CPU
		{285B3AAF-8A3F-47CB-BF48-FCCF3995B1D3}.Release|Any CPU.ActiveCfg = Release|Any CPU
		{285B3AAF-8A3F-47CB-BF48-FCCF3995B1D3}.Release|Any CPU.Build.0 = Release|Any CPU
		{285B3AAF-8A3F-47CB-BF48-FCCF3995B1D3}.Release|x64.ActiveCfg = Release|Any CPU
		{285B3AAF-8A3F-47CB-BF48-FCCF3995B1D3}.Release|x64.Build.0 = Release|Any CPU
		{285B3AAF-8A3F-47CB-BF48-FCCF3995B1D3}.Release|x86.ActiveCfg = Release|Any CPU
		{285B3AAF-8A3F-47CB-BF48-FCCF3995B1D3}.Release|x86.Build.0 = Release|Any CPU
		{2D1917D3-67E8-4BDC-9D24-725525736997}.Debug|Any CPU.ActiveCfg = Debug|Any CPU
		{2D1917D3-67E8-4BDC-9D24-725525736997}.Debug|Any CPU.Build.0 = Debug|Any CPU
		{2D1917D3-67E8-4BDC-9D24-725525736997}.Debug|x64.ActiveCfg = Debug|Any CPU
		{2D1917D3-67E8-4BDC-9D24-725525736997}.Debug|x64.Build.0 = Debug|Any CPU
		{2D1917D3-67E8-4BDC-9D24-725525736997}.Debug|x86.ActiveCfg = Debug|Any CPU
		{2D1917D3-67E8-4BDC-9D24-725525736997}.Debug|x86.Build.0 = Debug|Any CPU
		{2D1917D3-67E8-4BDC-9D24-725525736997}.Release|Any CPU.ActiveCfg = Release|Any CPU
		{2D1917D3-67E8-4BDC-9D24-725525736997}.Release|Any CPU.Build.0 = Release|Any CPU
		{2D1917D3-67E8-4BDC-9D24-725525736997}.Release|x64.ActiveCfg = Release|Any CPU
		{2D1917D3-67E8-4BDC-9D24-725525736997}.Release|x64.Build.0 = Release|Any CPU
		{2D1917D3-67E8-4BDC-9D24-725525736997}.Release|x86.ActiveCfg = Release|Any CPU
		{2D1917D3-67E8-4BDC-9D24-725525736997}.Release|x86.Build.0 = Release|Any CPU
		{A5B2BFBE-6DA0-4B62-B7B0-73802A6F3A87}.Debug|Any CPU.ActiveCfg = Debug|Any CPU
		{A5B2BFBE-6DA0-4B62-B7B0-73802A6F3A87}.Debug|Any CPU.Build.0 = Debug|Any CPU
		{A5B2BFBE-6DA0-4B62-B7B0-73802A6F3A87}.Debug|x64.ActiveCfg = Debug|Any CPU
		{A5B2BFBE-6DA0-4B62-B7B0-73802A6F3A87}.Debug|x64.Build.0 = Debug|Any CPU
		{A5B2BFBE-6DA0-4B62-B7B0-73802A6F3A87}.Debug|x86.ActiveCfg = Debug|Any CPU
		{A5B2BFBE-6DA0-4B62-B7B0-73802A6F3A87}.Debug|x86.Build.0 = Debug|Any CPU
		{A5B2BFBE-6DA0-4B62-B7B0-73802A6F3A87}.Release|Any CPU.ActiveCfg = Release|Any CPU
		{A5B2BFBE-6DA0-4B62-B7B0-73802A6F3A87}.Release|Any CPU.Build.0 = Release|Any CPU
		{A5B2BFBE-6DA0-4B62-B7B0-73802A6F3A87}.Release|x64.ActiveCfg = Release|Any CPU
		{A5B2BFBE-6DA0-4B62-B7B0-73802A6F3A87}.Release|x64.Build.0 = Release|Any CPU
		{A5B2BFBE-6DA0-4B62-B7B0-73802A6F3A87}.Release|x86.ActiveCfg = Release|Any CPU
		{A5B2BFBE-6DA0-4B62-B7B0-73802A6F3A87}.Release|x86.Build.0 = Release|Any CPU
	EndGlobalSection
	GlobalSection(SolutionProperties) = preSolution
		HideSolutionNode = FALSE
	EndGlobalSection
EndGlobal
